PODS:
  - Flutter (1.0.0)
  - nfc_manager (0.0.1):
    - Flutter

DEPENDENCIES:
  - Flutter (from `Flutter`)
  - nfc_manager (from `.symlinks/plugins/nfc_manager/ios`)

EXTERNAL SOURCES:
  Flutter:
    :path: Flutter
  nfc_manager:
    :path: ".symlinks/plugins/nfc_manager/ios"

SPEC CHECKSUMS:
  Flutter: e0871f40cf51350855a761d2e70bf5af5b9b5de7
  nfc_manager: 9c40fe22528ab871ca11e52ea8b95790e9d92ca2

PODFILE CHECKSUM: 4305caec6b40dde0ae97be1573c53de1882a07e5

COCOAPODS: 1.16.2
